
Microsoft Visual Studio Solution File, Format Version 12.00
# Visual Studio Version 17
VisualStudioVersion = 17.6.33712.159
MinimumVisualStudioVersion = 10.0.40219.1
Project("{9A19103F-16F7-4668-BE54-9A1E7A4F7556}") = "MyWebApp", "MyWebApp.csproj", "{975B32E3-D183-4470-8AB7-CE5E66C56042}"
EndProject
Global
	GlobalSection(SolutionConfigurationPlatforms) = preSolution
		Debug|Any CPU = Debug|Any CPU
		Release|Any CPU = Release|Any CPU
	EndGlobalSection
	GlobalSection(ProjectConfigurationPlatforms) = postSolution
		{975B32E3-D183-4470-8AB7-CE5E66C56042}.Debug|Any CPU.ActiveCfg = Debug|Any CPU
		{975B32E3-D183-4470-8AB7-CE5E66C56042}.Debug|Any CPU.Build.0 = Debug|Any CPU
		{975B32E3-D183-4470-8AB7-CE5E66C56042}.Release|Any CPU.ActiveCfg = Release|Any CPU
		{975B32E3-D183-4470-8AB7-CE5E66C56042}.Release|Any CPU.Build.0 = Release|Any CPU
	EndGlobalSection
	GlobalSection(SolutionProperties) = preSolution
		HideSolutionNode = FALSE
	EndGlobalSection
	GlobalSection(ExtensibilityGlobals) = postSolution
		SolutionGuid = {BC906FFE-44C9-4D02-B795-16D44CD7B1A9}
	EndGlobalSection
EndGlobal
